hash: af18cf4a0bd1f445f688a7047ff0ee567e3b6806af928b90e799e90dd50d9cce
updated: 2018-09-07T09:55:54.343687+08:00
imports:
- name: github.com/coreos/etcd
  version: a18b46711125d08de37d0b71e9c0d42db363ed9e
  subpackages:
  - auth/authpb
  - etcdserver/api/v3rpc/rpctypes
  - etcdserver/etcdserverpb
  - mvcc/mvccpb
  - pkg/types
- name: github.com/etcd-io/etcd
  version: fca8add78a9d926166eb739b8e4a124434025ba3
  subpackages:
  - clientv3
  - mvcc/mvccpb
- name: github.com/gogo/protobuf
  version: 342cbe0a04158f6dcb03ca0079991a51a4248c02
  subpackages:
  - gogoproto
  - proto
  - protoc-gen-gogo/descriptor
- name: github.com/golang/protobuf
  version: 1e59b77b52bf8e4b449a57e6f79f21226d571845
  subpackages:
  - jsonpb
  - proto
  - protoc-gen-go/descriptor
  - ptypes
  - ptypes/any
  - ptypes/duration
  - ptypes/timestamp
- name: go.etcd.io/etcd
  version: a18b46711125d08de37d0b71e9c0d42db363ed9e
  subpackages:
  - auth/authpb
  - mvcc/mvccpb
- name: golang.org/x/net
  version: 66aacef3dd8a676686c7ae3716979581e8b03c47
  subpackages:
  - context
  - http2
  - http2/hpack
  - idna
  - internal/timeseries
  - lex/httplex
  - trace
- name: golang.org/x/sys
  version: ebfc5b4631820b793c9010c87fd8fef0f39eb082
  subpackages:
  - unix
- name: golang.org/x/text
  version: b19bf474d317b857955b12035d2c5acb57ce8b01
  subpackages:
  - secure/bidirule
  - transform
  - unicode/bidi
  - unicode/norm
- name: google.golang.org/genproto
  version: 09f6ed296fc66555a25fe4ce95173148778dfa85
  repo: https://github.com/google/go-genproto.git
  subpackages:
  - googleapis/rpc/status
- name: google.golang.org/grpc
  version: 32fb0ac620c32ba40a4626ddf94d90d12cce3455
  subpackages:
  - balancer
  - balancer/base
  - balancer/roundrobin
  - codes
  - connectivity
  - credentials
  - encoding
  - encoding/proto
  - examples/helloworld/helloworld
  - grpclog
  - health/grpc_health_v1
  - internal
  - internal/backoff
  - internal/channelz
  - internal/envconfig
  - internal/grpcrand
  - internal/transport
  - keepalive
  - metadata
  - naming
  - peer
  - reflection
  - reflection/grpc_reflection_v1alpha
  - resolver
  - resolver/dns
  - resolver/passthrough
  - stats
  - status
  - tap
testImports: []
